// !$*UTF8*$!
{
	archiveVersion = 1;
	classes = {
	};
	objectVersion = 46;
	objects = {

/* Begin PBXBuildFile section */
		3E26E0811A64091B00E02FD8 /* Foo.private.modulemap in Sources */ = {isa = PBXBuildFile; fileRef = 3E26E0801A64091B00E02FD8 /* Foo.private.modulemap */; };
		3E8CDBC71A605E10001A88DE /* Foo.h in Headers */ = {isa = PBXBuildFile; fileRef = 3E8CDBC61A605E10001A88DE /* Foo.h */; settings = {ATTRIBUTES = (Public, ); }; };
		3E8CDBCD1A605E10001A88DE /* Foo.framework in Frameworks */ = {isa = PBXBuildFile; fileRef = 3E8CDBC11A605E10001A88DE /* Foo.framework */; };
		3E8CDBD41A605E10001A88DE /* FooTests.swift in Sources */ = {isa = PBXBuildFile; fileRef = 3E8CDBD31A605E10001A88DE /* FooTests.swift */; };
		3E8CDBDE1A605F16001A88DE /* Bar.swift in Sources */ = {isa = PBXBuildFile; fileRef = 3E8CDBDD1A605F16001A88DE /* Bar.swift */; };
		3E8CDBE11A605F40001A88DE /* Baz.h in Headers */ = {isa = PBXBuildFile; fileRef = 3E8CDBDF1A605F40001A88DE /* Baz.h */; settings = {ATTRIBUTES = (Public, ); }; };
		3E8CDBE21A605F40001A88DE /* Baz.m in Sources */ = {isa = PBXBuildFile; fileRef = 3E8CDBE01A605F40001A88DE /* Baz.m */; };
		3E8CDBE41A605F55001A88DE /* Qux.swift in Sources */ = {isa = PBXBuildFile; fileRef = 3E8CDBE31A605F55001A88DE /* Qux.swift */; };
		3E8CDBE71A605F69001A88DE /* Norf.h in Headers */ = {isa = PBXBuildFile; fileRef = 3E8CDBE51A605F69001A88DE /* Norf.h */; settings = {ATTRIBUTES = (Private, ); }; };
		3E8CDBE81A605F69001A88DE /* Norf.m in Sources */ = {isa = PBXBuildFile; fileRef = 3E8CDBE61A605F69001A88DE /* Norf.m */; };
/* End PBXBuildFile section */

/* Begin PBXContainerItemProxy section */
		3E8CDBCE1A605E10001A88DE /* PBXContainerItemProxy */ = {
			isa = PBXContainerItemProxy;
			containerPortal = 3E8CDBB81A605E10001A88DE /* Project object */;
			proxyType = 1;
			remoteGlobalIDString = 3E8CDBC01A605E10001A88DE;
			remoteInfo = Foo;
		};
/* End PBXContainerItemProxy section */

/* Begin PBXFileReference section */
		3E26E0801A64091B00E02FD8 /* Foo.private.modulemap */ = {isa = PBXFileReference; fileEncoding = 4; lastKnownFileType = "sourcecode.module-map"; path = Foo.private.modulemap; sourceTree = "<group>"; };
		3E8CDBC11A605E10001A88DE /* Foo.framework */ = {isa = PBXFileReference; explicitFileType = wrapper.framework; includeInIndex = 0; path = Foo.framework; sourceTree = BUILT_PRODUCTS_DIR; };
		3E8CDBC51A605E10001A88DE /* Info.plist */ = {isa = PBXFileReference; lastKnownFileType = text.plist.xml; path = Info.plist; sourceTree = "<group>"; };
		3E8CDBC61A605E10001A88DE /* Foo.h */ = {isa = PBXFileReference; lastKnownFileType = sourcecode.c.h; path = Foo.h; sourceTree = "<group>"; };
		3E8CDBCC1A605E10001A88DE /* FooTests.xctest */ = {isa = PBXFileReference; explicitFileType = wrapper.cfbundle; includeInIndex = 0; path = FooTests.xctest; sourceTree = BUILT_PRODUCTS_DIR; };
		3E8CDBD21A605E10001A88DE /* Info.plist */ = {isa = PBXFileReference; lastKnownFileType = text.plist.xml; path = Info.plist; sourceTree = "<group>"; };
		3E8CDBD31A605E10001A88DE /* FooTests.swift */ = {isa = PBXFileReference; lastKnownFileType = sourcecode.swift; path = FooTests.swift; sourceTree = "<group>"; };
		3E8CDBDD1A605F16001A88DE /* Bar.swift */ = {isa = PBXFileReference; fileEncoding = 4; lastKnownFileType = sourcecode.swift; path = Bar.swift; sourceTree = "<group>"; };
		3E8CDBDF1A605F40001A88DE /* Baz.h */ = {isa = PBXFileReference; fileEncoding = 4; lastKnownFileType = sourcecode.c.h; path = Baz.h; sourceTree = "<group>"; };
		3E8CDBE01A605F40001A88DE /* Baz.m */ = {isa = PBXFileReference; fileEncoding = 4; lastKnownFileType = sourcecode.c.objc; path = Baz.m; sourceTree = "<group>"; };
		3E8CDBE31A605F55001A88DE /* Qux.swift */ = {isa = PBXFileReference; fileEncoding = 4; lastKnownFileType = sourcecode.swift; path = Qux.swift; sourceTree = "<group>"; };
		3E8CDBE51A605F69001A88DE /* Norf.h */ = {isa = PBXFileReference; fileEncoding = 4; lastKnownFileType = sourcecode.c.h; path = Norf.h; sourceTree = "<group>"; };
		3E8CDBE61A605F69001A88DE /* Norf.m */ = {isa = PBXFileReference; fileEncoding = 4; lastKnownFileType = sourcecode.c.objc; path = Norf.m; sourceTree = "<group>"; };
		3E8CDBEA1A606033001A88DE /* module.modulemap */ = {isa = PBXFileReference; fileEncoding = 4; lastKnownFileType = "sourcecode.module-map"; path = module.modulemap; sourceTree = "<group>"; };
		3E8CDC281A60648B001A88DE /* Foo.xcconfig */ = {isa = PBXFileReference; lastKnownFileType = text.xcconfig; path = Foo.xcconfig; sourceTree = "<group>"; };
/* End PBXFileReference section */

/* Begin PBXFrameworksBuildPhase section */
		3E8CDBBD1A605E10001A88DE /* Frameworks */ = {
			isa = PBXFrameworksBuildPhase;
			buildActionMask = 2147483647;
			files = (
			);
			runOnlyForDeploymentPostprocessing = 0;
		};
		3E8CDBC91A605E10001A88DE /* Frameworks */ = {
			isa = PBXFrameworksBuildPhase;
			buildActionMask = 2147483647;
			files = (
				3E8CDBCD1A605E10001A88DE /* Foo.framework in Frameworks */,
			);
			runOnlyForDeploymentPostprocessing = 0;
		};
/* End PBXFrameworksBuildPhase section */

/* Begin PBXGroup section */
		3E8CDBB71A605E10001A88DE = {
			isa = PBXGroup;
			children = (
				3E8CDC281A60648B001A88DE /* Foo.xcconfig */,
				3E8CDBC31A605E10001A88DE /* Foo */,
				3E8CDBD01A605E10001A88DE /* FooTests */,
				3E8CDBC21A605E10001A88DE /* Products */,
			);
			sourceTree = "<group>";
		};
		3E8CDBC21A605E10001A88DE /* Products */ = {
			isa = PBXGroup;
			children = (
				3E8CDBC11A605E10001A88DE /* Foo.framework */,
				3E8CDBCC1A605E10001A88DE /* FooTests.xctest */,
			);
			name = Products;
			sourceTree = "<group>";
		};
		3E8CDBC31A605E10001A88DE /* Foo */ = {
			isa = PBXGroup;
			children = (
				3E8CDBC61A605E10001A88DE /* Foo.h */,
				3E8CDBDD1A605F16001A88DE /* Bar.swift */,
				3E8CDBDF1A605F40001A88DE /* Baz.h */,
				3E8CDBE01A605F40001A88DE /* Baz.m */,
				3E8CDBE31A605F55001A88DE /* Qux.swift */,
				3E8CDBE51A605F69001A88DE /* Norf.h */,
				3E8CDBE61A605F69001A88DE /* Norf.m */,
				3E26E0801A64091B00E02FD8 /* Foo.private.modulemap */,
				3E8CDBE91A606007001A88DE /* FooPrivate */,
				3E8CDBC41A605E10001A88DE /* Supporting Files */,
			);
			path = Foo;
			sourceTree = "<group>";
		};
		3E8CDBC41A605E10001A88DE /* Supporting Files */ = {
			isa = PBXGroup;
			children = (
				3E8CDBC51A605E10001A88DE /* Info.plist */,
			);
			name = "Supporting Files";
			sourceTree = "<group>";
		};
		3E8CDBD01A605E10001A88DE /* FooTests */ = {
			isa = PBXGroup;
			children = (
				3E8CDBD31A605E10001A88DE /* FooTests.swift */,
				3E8CDBD11A605E10001A88DE /* Supporting Files */,
			);
			path = FooTests;
			sourceTree = "<group>";
		};
		3E8CDBD11A605E10001A88DE /* Supporting Files */ = {
			isa = PBXGroup;
			children = (
				3E8CDBD21A605E10001A88DE /* Info.plist */,
			);
			name = "Supporting Files";
			sourceTree = "<group>";
		};
		3E8CDBE91A606007001A88DE /* FooPrivate */ = {
			isa = PBXGroup;
			children = (
				3E8CDBEA1A606033001A88DE /* module.modulemap */,
			);
			path = FooPrivate;
			sourceTree = "<group>";
		};
/* End PBXGroup section */

/* Begin PBXHeadersBuildPhase section */
		3E8CDBBE1A605E10001A88DE /* Headers */ = {
			isa = PBXHeadersBuildPhase;
			buildActionMask = 2147483647;
			files = (
				3E8CDBE11A605F40001A88DE /* Baz.h in Headers */,
				3E8CDBC71A605E10001A88DE /* Foo.h in Headers */,
				3E8CDBE71A605F69001A88DE /* Norf.h in Headers */,
			);
			runOnlyForDeploymentPostprocessing = 0;
		};
/* End PBXHeadersBuildPhase section */

/* Begin PBXNativeTarget section */
		3E8CDBC01A605E10001A88DE /* Foo */ = {
			isa = PBXNativeTarget;
			buildConfigurationList = 3E8CDBD71A605E10001A88DE /* Build configuration list for PBXNativeTarget "Foo" */;
			buildPhases = (
				3E8CDBBC1A605E10001A88DE /* Sources */,
				3E8CDBBD1A605E10001A88DE /* Frameworks */,
				3E8CDBBE1A605E10001A88DE /* Headers */,
				3E8CDBBF1A605E10001A88DE /* Resources */,
			);
			buildRules = (
			);
			dependencies = (
			);
			name = Foo;
			productName = Foo;
			productReference = 3E8CDBC11A605E10001A88DE /* Foo.framework */;
			productType = "com.apple.product-type.framework";
		};
		3E8CDBCB1A605E10001A88DE /* FooTests */ = {
			isa = PBXNativeTarget;
			buildConfigurationList = 3E8CDBDA1A605E10001A88DE /* Build configuration list for PBXNativeTarget "FooTests" */;
			buildPhases = (
				3E8CDBC81A605E10001A88DE /* Sources */,
				3E8CDBC91A605E10001A88DE /* Frameworks */,
				3E8CDBCA1A605E10001A88DE /* Resources */,
			);
			buildRules = (
			);
			dependencies = (
				3E8CDBCF1A605E10001A88DE /* PBXTargetDependency */,
			);
			name = FooTests;
			productName = FooTests;
			productReference = 3E8CDBCC1A605E10001A88DE /* FooTests.xctest */;
			productType = "com.apple.product-type.bundle.unit-test";
		};
/* End PBXNativeTarget section */

/* Begin PBXProject section */
		3E8CDBB81A605E10001A88DE /* Project object */ = {
			isa = PBXProject;
			attributes = {
				LastUpgradeCheck = 0620;
				ORGANIZATIONNAME = objc.io;
				TargetAttributes = {
					3E8CDBC01A605E10001A88DE = {
						CreatedOnToolsVersion = 6.2;
					};
					3E8CDBCB1A605E10001A88DE = {
						CreatedOnToolsVersion = 6.2;
					};
				};
			};
			buildConfigurationList = 3E8CDBBB1A605E10001A88DE /* Build configuration list for PBXProject "Foo" */;
			compatibilityVersion = "Xcode 3.2";
			developmentRegion = English;
			hasScannedForEncodings = 0;
			knownRegions = (
				en,
			);
			mainGroup = 3E8CDBB71A605E10001A88DE;
			productRefGroup = 3E8CDBC21A605E10001A88DE /* Products */;
			projectDirPath = "";
			projectRoot = "";
			targets = (
				3E8CDBC01A605E10001A88DE /* Foo */,
				3E8CDBCB1A605E10001A88DE /* FooTests */,
			);
		};
/* End PBXProject section */

/* Begin PBXResourcesBuildPhase section */
		3E8CDBBF1A605E10001A88DE /* Resources */ = {
			isa = PBXResourcesBuildPhase;
			buildActionMask = 2147483647;
			files = (
			);
			runOnlyForDeploymentPostprocessing = 0;
		};
		3E8CDBCA1A605E10001A88DE /* Resources */ = {
			isa = PBXResourcesBuildPhase;
			buildActionMask = 2147483647;
			files = (
			);
			runOnlyForDeploymentPostprocessing = 0;
		};
/* End PBXResourcesBuildPhase section */

/* Begin PBXSourcesBuildPhase section */
		3E8CDBBC1A605E10001A88DE /* Sources */ = {
			isa = PBXSourcesBuildPhase;
			buildActionMask = 2147483647;
			files = (
				3E8CDBE41A605F55001A88DE /* Qux.swift in Sources */,
				3E8CDBDE1A605F16001A88DE /* Bar.swift in Sources */,
				3E8CDBE81A605F69001A88DE /* Norf.m in Sources */,
				3E26E0811A64091B00E02FD8 /* Foo.private.modulemap in Sources */,
				3E8CDBE21A605F40001A88DE /* Baz.m in Sources */,
			);
			runOnlyForDeploymentPostprocessing = 0;
		};
		3E8CDBC81A605E10001A88DE /* Sources */ = {
			isa = PBXSourcesBuildPhase;
			buildActionMask = 2147483647;
			files = (
				3E8CDBD41A605E10001A88DE /* FooTests.swift in Sources */,
			);
			runOnlyForDeploymentPostprocessing = 0;
		};
/* End PBXSourcesBuildPhase section */

/* Begin PBXTargetDependency section */
		3E8CDBCF1A605E10001A88DE /* PBXTargetDependency */ = {
			isa = PBXTargetDependency;
			target = 3E8CDBC01A605E10001A88DE /* Foo */;
			targetProxy = 3E8CDBCE1A605E10001A88DE /* PBXContainerItemProxy */;
		};
/* End PBXTargetDependency section */

/* Begin XCBuildConfiguration section */
		3E8CDBD51A605E10001A88DE /* Debug */ = {
			isa = XCBuildConfiguration;
			baseConfigurationReference = 3E8CDC281A60648B001A88DE /* Foo.xcconfig */;
			buildSettings = {
				ALWAYS_SEARCH_USER_PATHS = NO;
				CLANG_CXX_LANGUAGE_STANDARD = "gnu++0x";
				CLANG_CXX_LIBRARY = "libc++";
				CLANG_ENABLE_MODULES = YES;
				CLANG_ENABLE_OBJC_ARC = YES;
				CLANG_WARN_BOOL_CONVERSION = YES;
				CLANG_WARN_CONSTANT_CONVERSION = YES;
				CLANG_WARN_DIRECT_OBJC_ISA_USAGE = YES_ERROR;
				CLANG_WARN_EMPTY_BODY = YES;
				CLANG_WARN_ENUM_CONVERSION = YES;
				CLANG_WARN_INT_CONVERSION = YES;
				CLANG_WARN_OBJC_ROOT_CLASS = YES_ERROR;
				CLANG_WARN_UNREACHABLE_CODE = YES;
				CLANG_WARN__DUPLICATE_METHOD_MATCH = YES;
				"CODE_SIGN_IDENTITY[sdk=iphoneos*]" = "iPhone Developer";
				COPY_PHASE_STRIP = NO;
				CURRENT_PROJECT_VERSION = 1;
				ENABLE_STRICT_OBJC_MSGSEND = YES;
				GCC_C_LANGUAGE_STANDARD = gnu99;
				GCC_DYNAMIC_NO_PIC = NO;
				GCC_OPTIMIZATION_LEVEL = 0;
				GCC_PREPROCESSOR_DEFINITIONS = (
					"DEBUG=1",
					"$(inherited)",
				);
				GCC_SYMBOLS_PRIVATE_EXTERN = NO;
				GCC_WARN_64_TO_32_BIT_CONVERSION = YES;
				GCC_WARN_ABOUT_RETURN_TYPE = YES_ERROR;
				GCC_WARN_UNDECLARED_SELECTOR = YES;
				GCC_WARN_UNINITIALIZED_AUTOS = YES_AGGRESSIVE;
				GCC_WARN_UNUSED_FUNCTION = YES;
				GCC_WARN_UNUSED_VARIABLE = YES;
				IPHONEOS_DEPLOYMENT_TARGET = 8.2;
				MTL_ENABLE_DEBUG_INFO = YES;
				ONLY_ACTIVE_ARCH = YES;
				SDKROOT = iphoneos;
				SWIFT_OPTIMIZATION_LEVEL = "-Onone";
				SWIFT_VERSION = 4.2;
				TARGETED_DEVICE_FAMILY = "1,2";
				VERSIONING_SYSTEM = "apple-generic";
				VERSION_INFO_PREFIX = "";
			};
			name = Debug;
		};
		3E8CDBD61A605E10001A88DE /* Release */ = {
			isa = XCBuildConfiguration;
			baseConfigurationReference = 3E8CDC281A60648B001A88DE /* Foo.xcconfig */;
			buildSettings = {
				ALWAYS_SEARCH_USER_PATHS = NO;
				CLANG_CXX_LANGUAGE_STANDARD = "gnu++0x";
				CLANG_CXX_LIBRARY = "libc++";
				CLANG_ENABLE_MODULES = YES;
				CLANG_ENABLE_OBJC_ARC = YES;
				CLANG_WARN_BOOL_CONVERSION = YES;
				CLANG_WARN_CONSTANT_CONVERSION = YES;
				CLANG_WARN_DIRECT_OBJC_ISA_USAGE = YES_ERROR;
				CLANG_WARN_EMPTY_BODY = YES;
				CLANG_WARN_ENUM_CONVERSION = YES;
				CLANG_WARN_INT_CONVERSION = YES;
				CLANG_WARN_OBJC_ROOT_CLASS = YES_ERROR;
				CLANG_WARN_UNREACHABLE_CODE = YES;
				CLANG_WARN__DUPLICATE_METHOD_MATCH = YES;
				"CODE_SIGN_IDENTITY[sdk=iphoneos*]" = "iPhone Developer";
				COPY_PHASE_STRIP = NO;
				CURRENT_PROJECT_VERSION = 1;
				ENABLE_NS_ASSERTIONS = NO;
				ENABLE_STRICT_OBJC_MSGSEND = YES;
				GCC_C_LANGUAGE_STANDARD = gnu99;
				GCC_WARN_64_TO_32_BIT_CONVERSION = YES;
				GCC_WARN_ABOUT_RETURN_TYPE = YES_ERROR;
				GCC_WARN_UNDECLARED_SELECTOR = YES;
				GCC_WARN_UNINITIALIZED_AUTOS = YES_AGGRESSIVE;
				GCC_WARN_UNUSED_FUNCTION = YES;
				GCC_WARN_UNUSED_VARIABLE = YES;
				IPHONEOS_DEPLOYMENT_TARGET = 8.2;
				MTL_ENABLE_DEBUG_INFO = NO;
				SDKROOT = iphoneos;
				SWIFT_VERSION = 4.2;
				TARGETED_DEVICE_FAMILY = "1,2";
				VALIDATE_PRODUCT = YES;
				VERSIONING_SYSTEM = "apple-generic";
				VERSION_INFO_PREFIX = "";
			};
			name = Release;
		};
		3E8CDBD81A605E10001A88DE /* Debug */ = {
			isa = XCBuildConfiguration;
			buildSettings = {
				CLANG_ENABLE_MODULES = YES;
				DEFINES_MODULE = YES;
				DYLIB_COMPATIBILITY_VERSION = 1;
				DYLIB_CURRENT_VERSION = 1;
				DYLIB_INSTALL_NAME_BASE = "@rpath";
				INFOPLIST_FILE = Foo/Info.plist;
				INSTALL_PATH = "$(LOCAL_LIBRARY_DIR)/Frameworks";
				LD_RUNPATH_SEARCH_PATHS = "$(inherited) @executable_path/Frameworks @loader_path/Frameworks";
				PRODUCT_NAME = "$(TARGET_NAME)";
				SKIP_INSTALL = YES;
				SWIFT_OPTIMIZATION_LEVEL = "-Onone";
			};
			name = Debug;
		};
		3E8CDBD91A605E10001A88DE /* Release */ = {
			isa = XCBuildConfiguration;
			buildSettings = {
				CLANG_ENABLE_MODULES = YES;
				DEFINES_MODULE = YES;
				DYLIB_COMPATIBILITY_VERSION = 1;
				DYLIB_CURRENT_VERSION = 1;
				DYLIB_INSTALL_NAME_BASE = "@rpath";
				INFOPLIST_FILE = Foo/Info.plist;
				INSTALL_PATH = "$(LOCAL_LIBRARY_DIR)/Frameworks";
				LD_RUNPATH_SEARCH_PATHS = "$(inherited) @executable_path/Frameworks @loader_path/Frameworks";
				PRODUCT_NAME = "$(TARGET_NAME)";
				SKIP_INSTALL = YES;
			};
			name = Release;
		};
		3E8CDBDB1A605E10001A88DE /* Debug */ = {
			isa = XCBuildConfiguration;
			buildSettings = {
				FRAMEWORK_SEARCH_PATHS = (
					"$(SDKROOT)/Developer/Library/Frameworks",
					"$(inherited)",
				);
				GCC_PREPROCESSOR_DEFINITIONS = (
					"DEBUG=1",
					"$(inherited)",
				);
				INFOPLIST_FILE = FooTests/Info.plist;
				LD_RUNPATH_SEARCH_PATHS = "$(inherited) @executable_path/Frameworks @loader_path/Frameworks";
				PRODUCT_NAME = "$(TARGET_NAME)";
			};
			name = Debug;
		};
		3E8CDBDC1A605E10001A88DE /* Release */ = {
			isa = XCBuildConfiguration;
			buildSettings = {
				FRAMEWORK_SEARCH_PATHS = (
					"$(SDKROOT)/Developer/Library/Frameworks",
					"$(inherited)",
				);
				INFOPLIST_FILE = FooTests/Info.plist;
				LD_RUNPATH_SEARCH_PATHS = "$(inherited) @executable_path/Frameworks @loader_path/Frameworks";
				PRODUCT_NAME = "$(TARGET_NAME)";
			};
			name = Release;
		};
/* End XCBuildConfiguration section */

/* Begin XCConfigurationList section */
		3E8CDBBB1A605E10001A88DE /* Build configuration list for PBXProject "Foo" */ = {
			isa = XCConfigurationList;
			buildConfigurations = (
				3E8CDBD51A605E10001A88DE /* Debug */,
				3E8CDBD61A605E10001A88DE /* Release */,
			);
			defaultConfigurationIsVisible = 0;
			defaultConfigurationName = Release;
		};
		3E8CDBD71A605E10001A88DE /* Build configuration list for PBXNativeTarget "Foo" */ = {
			isa = XCConfigurationList;
			buildConfigurations = (
				3E8CDBD81A605E10001A88DE /* Debug */,
				3E8CDBD91A605E10001A88DE /* Release */,
			);
			defaultConfigurationIsVisible = 0;
			defaultConfigurationName = Release;
		};
		3E8CDBDA1A605E10001A88DE /* Build configuration list for PBXNativeTarget "FooTests" */ = {
			isa = XCConfigurationList;
			buildConfigurations = (
				3E8CDBDB1A605E10001A88DE /* Debug */,
				3E8CDBDC1A605E10001A88DE /* Release */,
			);
			defaultConfigurationIsVisible = 0;
			defaultConfigurationName = Release;
		};
/* End XCConfigurationList section */
	};
	rootObject = 3E8CDBB81A605E10001A88DE /* Project object */;
}
